// !$*UTF8*$!
{
	archiveVersion = 1;
	classes = {
	};
	objectVersion = 50;
	objects = {

/* Begin PBXBuildFile section */
		B3619BB125C604C900CEAA61 /* main.cpp in Sources */ = {isa = PBXBuildFile; fileRef = B3619BB025C604C900CEAA61 /* main.cpp */; };
		B3619BBD25C6243B00CEAA61 /* libSDL2-2.0.0.dylib in Frameworks */ = {isa = PBXBuildFile; fileRef = B3619BBC25C6243B00CEAA61 /* libSDL2-2.0.0.dylib */; };
		B3619BC125C62FB800CEAA61 /* KartesischeKoordinaten.cpp in Sources */ = {isa = PBXBuildFile; fileRef = B3619BBF25C62FB800CEAA61 /* KartesischeKoordinaten.cpp */; };
		B3619BC525C6F34F00CEAA61 /* SphaerischeKoordinaten.cpp in Sources */ = {isa = PBXBuildFile; fileRef = B3619BC325C6F34F00CEAA61 /* SphaerischeKoordinaten.cpp */; };
		B3619BC925C6F46800CEAA61 /* util.cpp in Sources */ = {isa = PBXBuildFile; fileRef = B3619BC725C6F46800CEAA61 /* util.cpp */; };
		B3619BCD25C6F4A900CEAA61 /* MapKartesischToSphaerisch.cpp in Sources */ = {isa = PBXBuildFile; fileRef = B3619BCB25C6F4A900CEAA61 /* MapKartesischToSphaerisch.cpp */; };
		B3619BD125C6F51800CEAA61 /* MapSphaerischToKartesisch.cpp in Sources */ = {isa = PBXBuildFile; fileRef = B3619BCF25C6F51800CEAA61 /* MapSphaerischToKartesisch.cpp */; };
		B3619BD825C768C600CEAA61 /* libjpeg.9.dylib in Frameworks */ = {isa = PBXBuildFile; fileRef = B3619BD725C768C600CEAA61 /* libjpeg.9.dylib */; };
		B3619BDD25C77F1B00CEAA61 /* SphaerischesBild.cpp in Sources */ = {isa = PBXBuildFile; fileRef = B3619BDB25C77F1B00CEAA61 /* SphaerischesBild.cpp */; };
		B3619BE125C77F6900CEAA61 /* Farbe.cpp in Sources */ = {isa = PBXBuildFile; fileRef = B3619BDF25C77F6900CEAA61 /* Farbe.cpp */; };
		B3919BE025C823DB0047F7CC /* KugelTriangulation.cpp in Sources */ = {isa = PBXBuildFile; fileRef = B3919BDE25C823DB0047F7CC /* KugelTriangulation.cpp */; };
/* End PBXBuildFile section */

/* Begin PBXCopyFilesBuildPhase section */
		B3619BAB25C604C900CEAA61 /* CopyFiles */ = {
			isa = PBXCopyFilesBuildPhase;
			buildActionMask = 2147483647;
			dstPath = /usr/share/man/man1/;
			dstSubfolderSpec = 0;
			files = (
			);
			runOnlyForDeploymentPostprocessing = 1;
		};
/* End PBXCopyFilesBuildPhase section */

/* Begin PBXFileReference section */
		B3619BAD25C604C900CEAA61 /* Panorama */ = {isa = PBXFileReference; explicitFileType = "compiled.mach-o.executable"; includeInIndex = 0; path = Panorama; sourceTree = BUILT_PRODUCTS_DIR; };
		B3619BB025C604C900CEAA61 /* main.cpp */ = {isa = PBXFileReference; lastKnownFileType = sourcecode.cpp.cpp; path = main.cpp; sourceTree = "<group>"; };
		B3619BBC25C6243B00CEAA61 /* libSDL2-2.0.0.dylib */ = {isa = PBXFileReference; lastKnownFileType = "compiled.mach-o.dylib"; name = "libSDL2-2.0.0.dylib"; path = "../../../../usr/local/Cellar/sdl2/2.0.9_1/lib/libSDL2-2.0.0.dylib"; sourceTree = "<group>"; };
		B3619BBF25C62FB800CEAA61 /* KartesischeKoordinaten.cpp */ = {isa = PBXFileReference; lastKnownFileType = sourcecode.cpp.cpp; path = KartesischeKoordinaten.cpp; sourceTree = "<group>"; };
		B3619BC025C62FB800CEAA61 /* KartesischeKoordinaten.hpp */ = {isa = PBXFileReference; lastKnownFileType = sourcecode.cpp.h; path = KartesischeKoordinaten.hpp; sourceTree = "<group>"; };
		B3619BC325C6F34F00CEAA61 /* SphaerischeKoordinaten.cpp */ = {isa = PBXFileReference; lastKnownFileType = sourcecode.cpp.cpp; path = SphaerischeKoordinaten.cpp; sourceTree = "<group>"; };
		B3619BC425C6F34F00CEAA61 /* SphaerischeKoordinaten.hpp */ = {isa = PBXFileReference; lastKnownFileType = sourcecode.cpp.h; path = SphaerischeKoordinaten.hpp; sourceTree = "<group>"; };
		B3619BC725C6F46800CEAA61 /* util.cpp */ = {isa = PBXFileReference; lastKnownFileType = sourcecode.cpp.cpp; path = util.cpp; sourceTree = "<group>"; };
		B3619BC825C6F46800CEAA61 /* util.hpp */ = {isa = PBXFileReference; lastKnownFileType = sourcecode.cpp.h; path = util.hpp; sourceTree = "<group>"; };
		B3619BCB25C6F4A900CEAA61 /* MapKartesischToSphaerisch.cpp */ = {isa = PBXFileReference; lastKnownFileType = sourcecode.cpp.cpp; path = MapKartesischToSphaerisch.cpp; sourceTree = "<group>"; };
		B3619BCC25C6F4A900CEAA61 /* MapKartesischToSphaerisch.hpp */ = {isa = PBXFileReference; lastKnownFileType = sourcecode.cpp.h; path = MapKartesischToSphaerisch.hpp; sourceTree = "<group>"; };
		B3619BCF25C6F51800CEAA61 /* MapSphaerischToKartesisch.cpp */ = {isa = PBXFileReference; lastKnownFileType = sourcecode.cpp.cpp; path = MapSphaerischToKartesisch.cpp; sourceTree = "<group>"; };
		B3619BD025C6F51800CEAA61 /* MapSphaerischToKartesisch.hpp */ = {isa = PBXFileReference; lastKnownFileType = sourcecode.cpp.h; path = MapSphaerischToKartesisch.hpp; sourceTree = "<group>"; };
		B3619BD725C768C600CEAA61 /* libjpeg.9.dylib */ = {isa = PBXFileReference; lastKnownFileType = "compiled.mach-o.dylib"; name = libjpeg.9.dylib; path = ../../../../usr/local/Cellar/jpeg/9c/lib/libjpeg.9.dylib; sourceTree = "<group>"; };
		B3619BDB25C77F1B00CEAA61 /* SphaerischesBild.cpp */ = {isa = PBXFileReference; lastKnownFileType = sourcecode.cpp.cpp; path = SphaerischesBild.cpp; sourceTree = "<group>"; };
		B3619BDC25C77F1B00CEAA61 /* SphaerischesBild.hpp */ = {isa = PBXFileReference; lastKnownFileType = sourcecode.cpp.h; path = SphaerischesBild.hpp; sourceTree = "<group>"; };
		B3619BDF25C77F6900CEAA61 /* Farbe.cpp */ = {isa = PBXFileReference; lastKnownFileType = sourcecode.cpp.cpp; path = Farbe.cpp; sourceTree = "<group>"; };
		B3619BE025C77F6900CEAA61 /* Farbe.hpp */ = {isa = PBXFileReference; lastKnownFileType = sourcecode.cpp.h; path = Farbe.hpp; sourceTree = "<group>"; };
		B3919BDE25C823DB0047F7CC /* KugelTriangulation.cpp */ = {isa = PBXFileReference; lastKnownFileType = sourcecode.cpp.cpp; path = KugelTriangulation.cpp; sourceTree = "<group>"; };
		B3919BDF25C823DB0047F7CC /* KugelTriangulation.hpp */ = {isa = PBXFileReference; lastKnownFileType = sourcecode.cpp.h; path = KugelTriangulation.hpp; sourceTree = "<group>"; };
/* End PBXFileReference section */

/* Begin PBXFrameworksBuildPhase section */
		B3619BAA25C604C900CEAA61 /* Frameworks */ = {
			isa = PBXFrameworksBuildPhase;
			buildActionMask = 2147483647;
			files = (
				B3619BD825C768C600CEAA61 /* libjpeg.9.dylib in Frameworks */,
				B3619BBD25C6243B00CEAA61 /* libSDL2-2.0.0.dylib in Frameworks */,
			);
			runOnlyForDeploymentPostprocessing = 0;
		};
/* End PBXFrameworksBuildPhase section */

/* Begin PBXGroup section */
		B3619BA425C604C900CEAA61 = {
			isa = PBXGroup;
			children = (
				B3619BAF25C604C900CEAA61 /* Panorama */,
				B3619BAE25C604C900CEAA61 /* Products */,
				B3619BBB25C6243A00CEAA61 /* Frameworks */,
			);
			sourceTree = "<group>";
		};
		B3619BAE25C604C900CEAA61 /* Products */ = {
			isa = PBXGroup;
			children = (
				B3619BAD25C604C900CEAA61 /* Panorama */,
			);
			name = Products;
			sourceTree = "<group>";
		};
		B3619BAF25C604C900CEAA61 /* Panorama */ = {
			isa = PBXGroup;
			children = (
				B3619BB025C604C900CEAA61 /* main.cpp */,
				B3919BDE25C823DB0047F7CC /* KugelTriangulation.cpp */,
				B3919BDF25C823DB0047F7CC /* KugelTriangulation.hpp */,
				B3619BDB25C77F1B00CEAA61 /* SphaerischesBild.cpp */,
				B3619BDC25C77F1B00CEAA61 /* SphaerischesBild.hpp */,
				B3619BDF25C77F6900CEAA61 /* Farbe.cpp */,
				B3619BE025C77F6900CEAA61 /* Farbe.hpp */,
				B3619BBF25C62FB800CEAA61 /* KartesischeKoordinaten.cpp */,
				B3619BC025C62FB800CEAA61 /* KartesischeKoordinaten.hpp */,
				B3619BC325C6F34F00CEAA61 /* SphaerischeKoordinaten.cpp */,
				B3619BC425C6F34F00CEAA61 /* SphaerischeKoordinaten.hpp */,
				B3619BC725C6F46800CEAA61 /* util.cpp */,
				B3619BC825C6F46800CEAA61 /* util.hpp */,
				B3619BCB25C6F4A900CEAA61 /* MapKartesischToSphaerisch.cpp */,
				B3619BCC25C6F4A900CEAA61 /* MapKartesischToSphaerisch.hpp */,
				B3619BCF25C6F51800CEAA61 /* MapSphaerischToKartesisch.cpp */,
				B3619BD025C6F51800CEAA61 /* MapSphaerischToKartesisch.hpp */,
			);
			path = Panorama;
			sourceTree = "<group>";
		};
		B3619BBB25C6243A00CEAA61 /* Frameworks */ = {
			isa = PBXGroup;
			children = (
				B3619BD725C768C600CEAA61 /* libjpeg.9.dylib */,
				B3619BBC25C6243B00CEAA61 /* libSDL2-2.0.0.dylib */,
			);
			name = Frameworks;
			sourceTree = "<group>";
		};
/* End PBXGroup section */

/* Begin PBXNativeTarget section */
		B3619BAC25C604C900CEAA61 /* Panorama */ = {
			isa = PBXNativeTarget;
			buildConfigurationList = B3619BB425C604C900CEAA61 /* Build configuration list for PBXNativeTarget "Panorama" */;
			buildPhases = (
				B3619BA925C604C900CEAA61 /* Sources */,
				B3619BAA25C604C900CEAA61 /* Frameworks */,
				B3619BAB25C604C900CEAA61 /* CopyFiles */,
			);
			buildRules = (
			);
			dependencies = (
			);
			name = Panorama;
			productName = Panorama;
			productReference = B3619BAD25C604C900CEAA61 /* Panorama */;
			productType = "com.apple.product-type.tool";
		};
/* End PBXNativeTarget section */

/* Begin PBXProject section */
		B3619BA525C604C900CEAA61 /* Project object */ = {
			isa = PBXProject;
			attributes = {
				LastUpgradeCheck = 1230;
				TargetAttributes = {
					B3619BAC25C604C900CEAA61 = {
						CreatedOnToolsVersion = 12.3;
					};
				};
			};
			buildConfigurationList = B3619BA825C604C900CEAA61 /* Build configuration list for PBXProject "Panorama" */;
			compatibilityVersion = "Xcode 9.3";
			developmentRegion = en;
			hasScannedForEncodings = 0;
			knownRegions = (
				en,
				Base,
			);
			mainGroup = B3619BA425C604C900CEAA61;
			productRefGroup = B3619BAE25C604C900CEAA61 /* Products */;
			projectDirPath = "";
			projectRoot = "";
			targets = (
				B3619BAC25C604C900CEAA61 /* Panorama */,
			);
		};
/* End PBXProject section */

/* Begin PBXSourcesBuildPhase section */
		B3619BA925C604C900CEAA61 /* Sources */ = {
			isa = PBXSourcesBuildPhase;
			buildActionMask = 2147483647;
			files = (
				B3619BDD25C77F1B00CEAA61 /* SphaerischesBild.cpp in Sources */,
				B3619BCD25C6F4A900CEAA61 /* MapKartesischToSphaerisch.cpp in Sources */,
				B3619BE125C77F6900CEAA61 /* Farbe.cpp in Sources */,
				B3619BC525C6F34F00CEAA61 /* SphaerischeKoordinaten.cpp in Sources */,
				B3619BD125C6F51800CEAA61 /* MapSphaerischToKartesisch.cpp in Sources */,
				B3919BE025C823DB0047F7CC /* KugelTriangulation.cpp in Sources */,
				B3619BB125C604C900CEAA61 /* main.cpp in Sources */,
				B3619BC125C62FB800CEAA61 /* KartesischeKoordinaten.cpp in Sources */,
				B3619BC925C6F46800CEAA61 /* util.cpp in Sources */,
			);
			runOnlyForDeploymentPostprocessing = 0;
		};
/* End PBXSourcesBuildPhase section */

/* Begin XCBuildConfiguration section */
		B3619BB225C604C900CEAA61 /* Debug */ = {
			isa = XCBuildConfiguration;
			buildSettings = {
				ALWAYS_SEARCH_USER_PATHS = NO;
				CLANG_ANALYZER_NONNULL = YES;
				CLANG_ANALYZER_NUMBER_OBJECT_CONVERSION = YES_AGGRESSIVE;
				CLANG_CXX_LANGUAGE_STANDARD = "gnu++14";
				CLANG_CXX_LIBRARY = "libc++";
				CLANG_ENABLE_MODULES = YES;
				CLANG_ENABLE_OBJC_ARC = YES;
				CLANG_ENABLE_OBJC_WEAK = YES;
				CLANG_WARN_BLOCK_CAPTURE_AUTORELEASING = YES;
				CLANG_WARN_BOOL_CONVERSION = YES;
				CLANG_WARN_COMMA = YES;
				CLANG_WARN_CONSTANT_CONVERSION = YES;
				CLANG_WARN_DEPRECATED_OBJC_IMPLEMENTATIONS = YES;
				CLANG_WARN_DIRECT_OBJC_ISA_USAGE = YES_ERROR;
				CLANG_WARN_DOCUMENTATION_COMMENTS = YES;
				CLANG_WARN_EMPTY_BODY = YES;
				CLANG_WARN_ENUM_CONVERSION = YES;
				CLANG_WARN_INFINITE_RECURSION = YES;
				CLANG_WARN_INT_CONVERSION = YES;
				CLANG_WARN_NON_LITERAL_NULL_CONVERSION = YES;
				CLANG_WARN_OBJC_IMPLICIT_RETAIN_SELF = YES;
				CLANG_WARN_OBJC_LITERAL_CONVERSION = YES;
				CLANG_WARN_OBJC_ROOT_CLASS = YES_ERROR;
				CLANG_WARN_QUOTED_INCLUDE_IN_FRAMEWORK_HEADER = YES;
				CLANG_WARN_RANGE_LOOP_ANALYSIS = YES;
				CLANG_WARN_STRICT_PROTOTYPES = YES;
				CLANG_WARN_SUSPICIOUS_MOVE = YES;
				CLANG_WARN_UNGUARDED_AVAILABILITY = YES_AGGRESSIVE;
				CLANG_WARN_UNREACHABLE_CODE = YES;
				CLANG_WARN__DUPLICATE_METHOD_MATCH = YES;
				COPY_PHASE_STRIP = NO;
				DEBUG_INFORMATION_FORMAT = dwarf;
				ENABLE_STRICT_OBJC_MSGSEND = YES;
				ENABLE_TESTABILITY = YES;
				GCC_C_LANGUAGE_STANDARD = gnu11;
				GCC_DYNAMIC_NO_PIC = NO;
				GCC_NO_COMMON_BLOCKS = YES;
				GCC_OPTIMIZATION_LEVEL = 0;
				GCC_PREPROCESSOR_DEFINITIONS = (
					"DEBUG=1",
					"$(inherited)",
				);
				GCC_WARN_64_TO_32_BIT_CONVERSION = YES;
				GCC_WARN_ABOUT_RETURN_TYPE = YES_ERROR;
				GCC_WARN_UNDECLARED_SELECTOR = YES;
				GCC_WARN_UNINITIALIZED_AUTOS = YES_AGGRESSIVE;
				GCC_WARN_UNUSED_FUNCTION = YES;
				GCC_WARN_UNUSED_VARIABLE = YES;
				MACOSX_DEPLOYMENT_TARGET = 11.1;
				MTL_ENABLE_DEBUG_INFO = INCLUDE_SOURCE;
				MTL_FAST_MATH = YES;
				ONLY_ACTIVE_ARCH = YES;
				SDKROOT = macosx;
			};
			name = Debug;
		};
		B3619BB325C604C900CEAA61 /* Release */ = {
			isa = XCBuildConfiguration;
			buildSettings = {
				ALWAYS_SEARCH_USER_PATHS = NO;
				CLANG_ANALYZER_NONNULL = YES;
				CLANG_ANALYZER_NUMBER_OBJECT_CONVERSION = YES_AGGRESSIVE;
				CLANG_CXX_LANGUAGE_STANDARD = "gnu++14";
				CLANG_CXX_LIBRARY = "libc++";
				CLANG_ENABLE_MODULES = YES;
				CLANG_ENABLE_OBJC_ARC = YES;
				CLANG_ENABLE_OBJC_WEAK = YES;
				CLANG_WARN_BLOCK_CAPTURE_AUTORELEASING = YES;
				CLANG_WARN_BOOL_CONVERSION = YES;
				CLANG_WARN_COMMA = YES;
				CLANG_WARN_CONSTANT_CONVERSION = YES;
				CLANG_WARN_DEPRECATED_OBJC_IMPLEMENTATIONS = YES;
				CLANG_WARN_DIRECT_OBJC_ISA_USAGE = YES_ERROR;
				CLANG_WARN_DOCUMENTATION_COMMENTS = YES;
				CLANG_WARN_EMPTY_BODY = YES;
				CLANG_WARN_ENUM_CONVERSION = YES;
				CLANG_WARN_INFINITE_RECURSION = YES;
				CLANG_WARN_INT_CONVERSION = YES;
				CLANG_WARN_NON_LITERAL_NULL_CONVERSION = YES;
				CLANG_WARN_OBJC_IMPLICIT_RETAIN_SELF = YES;
				CLANG_WARN_OBJC_LITERAL_CONVERSION = YES;
				CLANG_WARN_OBJC_ROOT_CLASS = YES_ERROR;
				CLANG_WARN_QUOTED_INCLUDE_IN_FRAMEWORK_HEADER = YES;
				CLANG_WARN_RANGE_LOOP_ANALYSIS = YES;
				CLANG_WARN_STRICT_PROTOTYPES = YES;
				CLANG_WARN_SUSPICIOUS_MOVE = YES;
				CLANG_WARN_UNGUARDED_AVAILABILITY = YES_AGGRESSIVE;
				CLANG_WARN_UNREACHABLE_CODE = YES;
				CLANG_WARN__DUPLICATE_METHOD_MATCH = YES;
				COPY_PHASE_STRIP = NO;
				DEBUG_INFORMATION_FORMAT = "dwarf-with-dsym";
				ENABLE_NS_ASSERTIONS = NO;
				ENABLE_STRICT_OBJC_MSGSEND = YES;
				GCC_C_LANGUAGE_STANDARD = gnu11;
				GCC_NO_COMMON_BLOCKS = YES;
				GCC_WARN_64_TO_32_BIT_CONVERSION = YES;
				GCC_WARN_ABOUT_RETURN_TYPE = YES_ERROR;
				GCC_WARN_UNDECLARED_SELECTOR = YES;
				GCC_WARN_UNINITIALIZED_AUTOS = YES_AGGRESSIVE;
				GCC_WARN_UNUSED_FUNCTION = YES;
				GCC_WARN_UNUSED_VARIABLE = YES;
				MACOSX_DEPLOYMENT_TARGET = 11.1;
				MTL_ENABLE_DEBUG_INFO = NO;
				MTL_FAST_MATH = YES;
				SDKROOT = macosx;
			};
			name = Release;
		};
		B3619BB525C604C900CEAA61 /* Debug */ = {
			isa = XCBuildConfiguration;
			buildSettings = {
				CODE_SIGN_STYLE = Automatic;
				HEADER_SEARCH_PATHS = (
					/usr/local/include,
					/usr/local/Cellar/jpeg/9c/include,
					/usr/local/Cellar/cimg/2.7.1/include/,
					/opt/X11/include,
				);
				LIBRARY_SEARCH_PATHS = (
					/usr/local/Cellar/jpeg/9c/lib,
					/usr/local/Cellar/sdl2/2.0.9_1/lib,
				);
				PRODUCT_NAME = "$(TARGET_NAME)";
			};
			name = Debug;
		};
		B3619BB625C604C900CEAA61 /* Release */ = {
			isa = XCBuildConfiguration;
			buildSettings = {
				CODE_SIGN_STYLE = Automatic;
				HEADER_SEARCH_PATHS = (
					/usr/local/include,
					/usr/local/Cellar/jpeg/9c/include,
					/usr/local/Cellar/cimg/2.7.1/include/,
					/opt/X11/include,
				);
				LIBRARY_SEARCH_PATHS = (
					/usr/local/Cellar/jpeg/9c/lib,
					/usr/local/Cellar/sdl2/2.0.9_1/lib,
				);
				PRODUCT_NAME = "$(TARGET_NAME)";
			};
			name = Release;
		};
/* End XCBuildConfiguration section */

/* Begin XCConfigurationList section */
		B3619BA825C604C900CEAA61 /* Build configuration list for PBXProject "Panorama" */ = {
			isa = XCConfigurationList;
			buildConfigurations = (
				B3619BB225C604C900CEAA61 /* Debug */,
				B3619BB325C604C900CEAA61 /* Release */,
			);
			defaultConfigurationIsVisible = 0;
			defaultConfigurationName = Release;
		};
		B3619BB425C604C900CEAA61 /* Build configuration list for PBXNativeTarget "Panorama" */ = {
			isa = XCConfigurationList;
			buildConfigurations = (
				B3619BB525C604C900CEAA61 /* Debug */,
				B3619BB625C604C900CEAA61 /* Release */,
			);
			defaultConfigurationIsVisible = 0;
			defaultConfigurationName = Release;
		};
/* End XCConfigurationList section */
	};
	rootObject = B3619BA525C604C900CEAA61 /* Project object */;
}
